PODS:
  - AppAuth (1.6.2):
    - AppAuth/Core (= 1.6.2)
    - AppAuth/ExternalUserAgent (= 1.6.2)
  - AppAuth/Core (1.6.2)
  - AppAuth/ExternalUserAgent (1.6.2):
    - AppAuth/Core
  - Cache (6.0.0)
  - DBCameraButton (1.0.0)
  - ExytePopupView (2.5.7)
  - Firebase/Analytics (10.12.0):
    - Firebase/Core
  - Firebase/Auth (10.12.0):
    - Firebase/CoreOnly
    - FirebaseAuth (~> 10.12.0)
  - Firebase/Core (10.12.0):
    - Firebase/CoreOnly
    - FirebaseAnalytics (~> 10.12.0)
  - Firebase/CoreOnly (10.12.0):
    - FirebaseCore (= 10.12.0)
  - Firebase/Messaging (10.12.0):
    - Firebase/CoreOnly
    - FirebaseMessaging (~> 10.12.0)
  - FirebaseAnalytics (10.12.0):
    - FirebaseAnalytics/AdIdSupport (= 10.12.0)
    - FirebaseCore (~> 10.0)
    - FirebaseInstallations (~> 10.0)
    - GoogleUtilities/AppDelegateSwizzler (~> 7.11)
    - GoogleUtilities/MethodSwizzler (~> 7.11)
    - GoogleUtilities/Network (~> 7.11)
    - "GoogleUtilities/NSData+zlib (~> 7.11)"
    - nanopb (< 2.30910.0, >= 2.30908.0)
  - FirebaseAnalytics/AdIdSupport (10.12.0):
    - FirebaseCore (~> 10.0)
    - FirebaseInstallations (~> 10.0)
    - GoogleAppMeasurement (= 10.12.0)
    - GoogleUtilities/AppDelegateSwizzler (~> 7.11)
    - GoogleUtilities/MethodSwizzler (~> 7.11)
    - GoogleUtilities/Network (~> 7.11)
    - "GoogleUtilities/NSData+zlib (~> 7.11)"
    - nanopb (< 2.30910.0, >= 2.30908.0)
  - FirebaseAppCheckInterop (10.12.0)
  - FirebaseAuth (10.12.0):
    - FirebaseAppCheckInterop (~> 10.0)
    - FirebaseCore (~> 10.0)
    - GoogleUtilities/AppDelegateSwizzler (~> 7.8)
    - GoogleUtilities/Environment (~> 7.8)
    - GTMSessionFetcher/Core (< 4.0, >= 2.1)
  - FirebaseCore (10.12.0):
    - FirebaseCoreInternal (~> 10.0)
    - GoogleUtilities/Environment (~> 7.8)
    - GoogleUtilities/Logger (~> 7.8)
  - FirebaseCoreInternal (10.12.0):
    - "GoogleUtilities/NSData+zlib (~> 7.8)"
  - FirebaseInstallations (10.12.0):
    - FirebaseCore (~> 10.0)
    - GoogleUtilities/Environment (~> 7.8)
    - GoogleUtilities/UserDefaults (~> 7.8)
    - PromisesObjC (~> 2.1)
  - FirebaseMessaging (10.12.0):
    - FirebaseCore (~> 10.0)
    - FirebaseInstallations (~> 10.0)
    - GoogleDataTransport (~> 9.2)
    - GoogleUtilities/AppDelegateSwizzler (~> 7.8)
    - GoogleUtilities/Environment (~> 7.8)
    - GoogleUtilities/Reachability (~> 7.8)
    - GoogleUtilities/UserDefaults (~> 7.8)
    - nanopb (< 2.30910.0, >= 2.30908.0)
  - FloatingButton (1.1.5)
  - GoogleAppMeasurement (10.12.0):
    - GoogleAppMeasurement/AdIdSupport (= 10.12.0)
    - GoogleUtilities/AppDelegateSwizzler (~> 7.11)
    - GoogleUtilities/MethodSwizzler (~> 7.11)
    - GoogleUtilities/Network (~> 7.11)
    - "GoogleUtilities/NSData+zlib (~> 7.11)"
    - nanopb (< 2.30910.0, >= 2.30908.0)
  - GoogleAppMeasurement/AdIdSupport (10.12.0):
    - GoogleAppMeasurement/WithoutAdIdSupport (= 10.12.0)
    - GoogleUtilities/AppDelegateSwizzler (~> 7.11)
    - GoogleUtilities/MethodSwizzler (~> 7.11)
    - GoogleUtilities/Network (~> 7.11)
    - "GoogleUtilities/NSData+zlib (~> 7.11)"
    - nanopb (< 2.30910.0, >= 2.30908.0)
  - GoogleAppMeasurement/WithoutAdIdSupport (10.12.0):
    - GoogleUtilities/AppDelegateSwizzler (~> 7.11)
    - GoogleUtilities/MethodSwizzler (~> 7.11)
    - GoogleUtilities/Network (~> 7.11)
    - "GoogleUtilities/NSData+zlib (~> 7.11)"
    - nanopb (< 2.30910.0, >= 2.30908.0)
  - GoogleDataTransport (9.2.3):
    - GoogleUtilities/Environment (~> 7.7)
    - nanopb (< 2.30910.0, >= 2.30908.0)
    - PromisesObjC (< 3.0, >= 1.2)
  - GoogleMaps (8.1.0):
    - GoogleMaps/Maps (= 8.1.0)
  - GoogleMaps/Base (8.1.0)
  - GoogleMaps/Maps (8.1.0):
    - GoogleMaps/Base
  - GooglePlaces (8.1.0)
  - GoogleSignIn (7.0.0):
    - AppAuth (~> 1.5)
    - GTMAppAuth (< 3.0, >= 1.3)
    - GTMSessionFetcher/Core (< 4.0, >= 1.1)
  - GoogleUtilities/AppDelegateSwizzler (7.11.4):
    - GoogleUtilities/Environment
    - GoogleUtilities/Logger
    - GoogleUtilities/Network
  - GoogleUtilities/Environment (7.11.4):
    - PromisesObjC (< 3.0, >= 1.2)
  - GoogleUtilities/Logger (7.11.4):
    - GoogleUtilities/Environment
  - GoogleUtilities/MethodSwizzler (7.11.4):
    - GoogleUtilities/Logger
  - GoogleUtilities/Network (7.11.4):
    - GoogleUtilities/Logger
    - "GoogleUtilities/NSData+zlib"
    - GoogleUtilities/Reachability
  - "GoogleUtilities/NSData+zlib (7.11.4)"
  - GoogleUtilities/Reachability (7.11.4):
    - GoogleUtilities/Logger
  - GoogleUtilities/UserDefaults (7.11.4):
    - GoogleUtilities/Logger
  - GSPlayer (0.2.26)
  - GTMAppAuth (2.0.0):
    - AppAuth/Core (~> 1.6)
    - GTMSessionFetcher/Core (< 4.0, >= 1.5)
  - GTMSessionFetcher/Core (3.1.1)
  - Hue (5.0.0)
  - Imaginary (5.0.0):
    - Cache (~> 6.0.0)
  - IQMediaPickerController (2.0.0):
    - DBCameraButton
    - SCSiriWaveformView
  - Lightbox (2.5.0):
    - Imaginary (~> 5.0.0)
  - nanopb (2.30909.0):
    - nanopb/decode (= 2.30909.0)
    - nanopb/encode (= 2.30909.0)
  - nanopb/decode (2.30909.0)
  - nanopb/encode (2.30909.0)
  - PromisesObjC (2.3.1)
  - SCSiriWaveformView (1.1.2)
  - SSSwiftUILoader (0.1.1)
  - SVProgressHUD (2.2.5)
  - TwitterCore (3.2.0)
  - TwitterKit (3.4.2):
    - TwitterCore (>= 3.2.0)

DEPENDENCIES:
  - ExytePopupView
  - Firebase/Analytics
  - Firebase/Auth
  - Firebase/Messaging
  - FloatingButton
  - GoogleMaps
  - GooglePlaces
  - GoogleSignIn
  - GSPlayer
  - Hue
  - IQMediaPickerController
  - Lightbox
  - SSSwiftUILoader
  - SVProgressHUD
  - TwitterKit

SPEC REPOS:
  trunk:
    - AppAuth
    - Cache
    - DBCameraButton
    - ExytePopupView
    - Firebase
    - FirebaseAnalytics
    - FirebaseAppCheckInterop
    - FirebaseAuth
    - FirebaseCore
    - FirebaseCoreInternal
    - FirebaseInstallations
    - FirebaseMessaging
    - FloatingButton
    - GoogleAppMeasurement
    - GoogleDataTransport
    - GoogleMaps
    - GooglePlaces
    - GoogleSignIn
    - GoogleUtilities
    - GSPlayer
    - GTMAppAuth
    - GTMSessionFetcher
    - Hue
    - Imaginary
    - IQMediaPickerController
    - Lightbox
    - nanopb
    - PromisesObjC
    - SCSiriWaveformView
    - SSSwiftUILoader
    - SVProgressHUD
    - TwitterCore
    - TwitterKit

SPEC CHECKSUMS:
  AppAuth: 3bb1d1cd9340bd09f5ed189fb00b1cc28e1e8570
  Cache: 4ca7e00363fca5455f26534e5607634c820ffc2d
  DBCameraButton: 969d585df804df5b413936a7bf5d77c562ca2307
  ExytePopupView: b87db2132b156fd8c8c63b74096205d9e1fdd9ba
  Firebase: 07150e75d142fb9399f6777fa56a187b17f833a0
  FirebaseAnalytics: 0270389efbe3022b54ec4588862dabec3477ee98
  FirebaseAppCheckInterop: f95a4feb9089867aff1a4bdc2ce309137e07736a
  FirebaseAuth: a66c1e14ec58f41d154a4b41ce1a23ea00ad4805
  FirebaseCore: f86a1394906b97ac445ae49c92552a9425831bed
  FirebaseCoreInternal: 950500ad8a08963657f6d8c67b579740c06d6aa1
  FirebaseInstallations: 7b99ef103f013624444c614397038219c45f8e63
  FirebaseMessaging: bb2c4f6422a753038fe137d90ae7c1af57251316
  FloatingButton: 00fecfd46fbc3720661f9427225c1bee391e33c4
  GoogleAppMeasurement: 2d800fab85e7848b1e66a6f8ce5bca06c5aad892
  GoogleDataTransport: f0308f5905a745f94fb91fea9c6cbaf3831cb1bd
  GoogleMaps: 97300a4b89a3641563782c52228c4530f5fe0d89
  GooglePlaces: 6a219644272d9c0f40d0b9ef2f111bfb2043bafc
  GoogleSignIn: b232380cf495a429b8095d3178a8d5855b42e842
  GoogleUtilities: c63691989bf362ba0505507da00eeb326192e83e
  GSPlayer: 1ee7c282d6e6125ca9c0c684d91b8a31512ccfe6
  GTMAppAuth: 99fb010047ba3973b7026e45393f51f27ab965ae
  GTMSessionFetcher: e8647203b65cee28c5f73d0f473d096653945e72
  Hue: c129cb67be7d093a82bbbc30ce8a96757bf6f37a
  Imaginary: cf5e3a7dd6ab1dcbd47ba8ce5edf2307c4e99eb3
  IQMediaPickerController: d8c88f955bcc67e8c2703538f63cc670c56b82a2
  Lightbox: cc3d5124f024fa8197fd23f913160db1c61a1852
  nanopb: b552cce312b6c8484180ef47159bc0f65a1f0431
  PromisesObjC: c50d2056b5253dadbd6c2bea79b0674bd5a52fa4
  SCSiriWaveformView: 016392911fb442c17d6dbad68e666edb13193c02
  SSSwiftUILoader: 100fd3d35daf8969a2227b9bf93380712ee3a27d
  SVProgressHUD: 1428aafac632c1f86f62aa4243ec12008d7a51d6
  TwitterCore: 8cbc9ad34d91c63a0035ea05bfbfc0d7ca72a28c
  TwitterKit: 5e4f41d70b9abdb41df5467f52d7aa2c0fd26ebb

PODFILE CHECKSUM: 698a1956e64367233759390a5a5c0d7d8b0262c3

COCOAPODS: 1.15.2
